// !$*UTF8*$!
{
	archiveVersion = 1;
	classes = {
	};
	objectVersion = 50;
	objects = {

/* Begin PBXBuildFile section */
		BB78BD767020AC7B4C343593 /* Pods_Todoey.framework in Frameworks */ = {isa = PBXBuildFile; fileRef = 5A78A568753522E9E1E47C12 /* Pods_Todoey.framework */; };
		E113B09B2375D61800DDFCED /* CategoryViewControllerTableViewController.swift in Sources */ = {isa = PBXBuildFile; fileRef = E113B09A2375D61800DDFCED /* CategoryViewControllerTableViewController.swift */; };
		E11F6AC22371E48000FA2EA6 /* DataModel.xcdatamodeld in Sources */ = {isa = PBXBuildFile; fileRef = E11F6AC02371E48000FA2EA6 /* DataModel.xcdatamodeld */; };
		E1FCAF2A23636C4C003A075E /* AppDelegate.swift in Sources */ = {isa = PBXBuildFile; fileRef = E1FCAF2923636C4C003A075E /* AppDelegate.swift */; };
		E1FCAF2C23636C4C003A075E /* TodoListViewController.swift in Sources */ = {isa = PBXBuildFile; fileRef = E1FCAF2B23636C4C003A075E /* TodoListViewController.swift */; };
		E1FCAF2F23636C4C003A075E /* Main.storyboard in Resources */ = {isa = PBXBuildFile; fileRef = E1FCAF2D23636C4C003A075E /* Main.storyboard */; };
		E1FCAF3123636C4E003A075E /* Assets.xcassets in Resources */ = {isa = PBXBuildFile; fileRef = E1FCAF3023636C4E003A075E /* Assets.xcassets */; };
		E1FCAF3423636C4E003A075E /* LaunchScreen.storyboard in Resources */ = {isa = PBXBuildFile; fileRef = E1FCAF3223636C4E003A075E /* LaunchScreen.storyboard */; };
/* End PBXBuildFile section */

/* Begin PBXFileReference section */
		21DFC77F18C40A26051303F6 /* Pods-Todoey.release.xcconfig */ = {isa = PBXFileReference; includeInIndex = 1; lastKnownFileType = text.xcconfig; name = "Pods-Todoey.release.xcconfig"; path = "Target Support Files/Pods-Todoey/Pods-Todoey.release.xcconfig"; sourceTree = "<group>"; };
		5A78A568753522E9E1E47C12 /* Pods_Todoey.framework */ = {isa = PBXFileReference; explicitFileType = wrapper.framework; includeInIndex = 0; path = Pods_Todoey.framework; sourceTree = BUILT_PRODUCTS_DIR; };
		A075F715692D60A60C14B6EF /* Pods-Todoey.debug.xcconfig */ = {isa = PBXFileReference; includeInIndex = 1; lastKnownFileType = text.xcconfig; name = "Pods-Todoey.debug.xcconfig"; path = "Target Support Files/Pods-Todoey/Pods-Todoey.debug.xcconfig"; sourceTree = "<group>"; };
		E113B09A2375D61800DDFCED /* CategoryViewControllerTableViewController.swift */ = {isa = PBXFileReference; lastKnownFileType = sourcecode.swift; path = CategoryViewControllerTableViewController.swift; sourceTree = "<group>"; };
		E11F6AC12371E48000FA2EA6 /* DataModel.xcdatamodel */ = {isa = PBXFileReference; lastKnownFileType = wrapper.xcdatamodel; path = DataModel.xcdatamodel; sourceTree = "<group>"; };
		E1FCAF2623636C4C003A075E /* Todoey.app */ = {isa = PBXFileReference; explicitFileType = wrapper.application; includeInIndex = 0; path = Todoey.app; sourceTree = BUILT_PRODUCTS_DIR; };
		E1FCAF2923636C4C003A075E /* AppDelegate.swift */ = {isa = PBXFileReference; lastKnownFileType = sourcecode.swift; path = AppDelegate.swift; sourceTree = "<group>"; };
		E1FCAF2B23636C4C003A075E /* TodoListViewController.swift */ = {isa = PBXFileReference; lastKnownFileType = sourcecode.swift; path = TodoListViewController.swift; sourceTree = "<group>"; };
		E1FCAF2E23636C4C003A075E /* Base */ = {isa = PBXFileReference; lastKnownFileType = file.storyboard; name = Base; path = Base.lproj/Main.storyboard; sourceTree = "<group>"; };
		E1FCAF3023636C4E003A075E /* Assets.xcassets */ = {isa = PBXFileReference; lastKnownFileType = folder.assetcatalog; path = Assets.xcassets; sourceTree = "<group>"; };
		E1FCAF3323636C4E003A075E /* Base */ = {isa = PBXFileReference; lastKnownFileType = file.storyboard; name = Base; path = Base.lproj/LaunchScreen.storyboard; sourceTree = "<group>"; };
		E1FCAF3523636C4E003A075E /* Info.plist */ = {isa = PBXFileReference; lastKnownFileType = text.plist.xml; path = Info.plist; sourceTree = "<group>"; };
/* End PBXFileReference section */

/* Begin PBXFrameworksBuildPhase section */
		E1FCAF2323636C4C003A075E /* Frameworks */ = {
			isa = PBXFrameworksBuildPhase;
			buildActionMask = 2147483647;
			files = (
				BB78BD767020AC7B4C343593 /* Pods_Todoey.framework in Frameworks */,
			);
			runOnlyForDeploymentPostprocessing = 0;
		};
/* End PBXFrameworksBuildPhase section */

/* Begin PBXGroup section */
		8AB0FD77A64E29593F375AB3 /* Pods */ = {
			isa = PBXGroup;
			children = (
				A075F715692D60A60C14B6EF /* Pods-Todoey.debug.xcconfig */,
				21DFC77F18C40A26051303F6 /* Pods-Todoey.release.xcconfig */,
			);
			name = Pods;
			path = Pods;
			sourceTree = "<group>";
		};
		A38612F728E6EA3C18BC7BAE /* Frameworks */ = {
			isa = PBXGroup;
			children = (
				5A78A568753522E9E1E47C12 /* Pods_Todoey.framework */,
			);
			name = Frameworks;
			sourceTree = "<group>";
		};
		E111B4412366038800C81210 /* Models */ = {
			isa = PBXGroup;
			children = (
				E11F6AC02371E48000FA2EA6 /* DataModel.xcdatamodeld */,
			);
			path = Models;
			sourceTree = "<group>";
		};
		E111B4442366057A00C81210 /* Supporting files */ = {
			isa = PBXGroup;
			children = (
				E1FCAF3023636C4E003A075E /* Assets.xcassets */,
				E1FCAF3223636C4E003A075E /* LaunchScreen.storyboard */,
			);
			path = "Supporting files";
			sourceTree = "<group>";
		};
		E111B4452366058900C81210 /* Controllers */ = {
			isa = PBXGroup;
			children = (
				E1FCAF2B23636C4C003A075E /* TodoListViewController.swift */,
				E113B09A2375D61800DDFCED /* CategoryViewControllerTableViewController.swift */,
			);
			path = Controllers;
			sourceTree = "<group>";
		};
		E111B4462366059700C81210 /* Views */ = {
			isa = PBXGroup;
			children = (
				E1FCAF2D23636C4C003A075E /* Main.storyboard */,
			);
			path = Views;
			sourceTree = "<group>";
		};
		E1FCAF1D23636C4C003A075E = {
			isa = PBXGroup;
			children = (
				E1FCAF2823636C4C003A075E /* Todoey */,
				E1FCAF2723636C4C003A075E /* Products */,
				8AB0FD77A64E29593F375AB3 /* Pods */,
				A38612F728E6EA3C18BC7BAE /* Frameworks */,
			);
			sourceTree = "<group>";
		};
		E1FCAF2723636C4C003A075E /* Products */ = {
			isa = PBXGroup;
			children = (
				E1FCAF2623636C4C003A075E /* Todoey.app */,
			);
			name = Products;
			sourceTree = "<group>";
		};
		E1FCAF2823636C4C003A075E /* Todoey */ = {
			isa = PBXGroup;
			children = (
				E111B4412366038800C81210 /* Models */,
				E1FCAF2923636C4C003A075E /* AppDelegate.swift */,
				E111B4452366058900C81210 /* Controllers */,
				E111B4462366059700C81210 /* Views */,
				E111B4442366057A00C81210 /* Supporting files */,
				E1FCAF3523636C4E003A075E /* Info.plist */,
			);
			path = Todoey;
			sourceTree = "<group>";
		};
/* End PBXGroup section */

/* Begin PBXNativeTarget section */
		E1FCAF2523636C4C003A075E /* Todoey */ = {
			isa = PBXNativeTarget;
			buildConfigurationList = E1FCAF3823636C4E003A075E /* Build configuration list for PBXNativeTarget "Todoey" */;
			buildPhases = (
				8311F0245CD3D0674CBF3CC8 /* [CP] Check Pods Manifest.lock */,
				E1FCAF2223636C4C003A075E /* Sources */,
				E1FCAF2323636C4C003A075E /* Frameworks */,
				E1FCAF2423636C4C003A075E /* Resources */,
				AD259013FD55D5541A0AB2D0 /* [CP] Embed Pods Frameworks */,
			);
			buildRules = (
			);
			dependencies = (
			);
			name = Todoey;
			productName = Todoey;
			productReference = E1FCAF2623636C4C003A075E /* Todoey.app */;
			productType = "com.apple.product-type.application";
		};
/* End PBXNativeTarget section */

/* Begin PBXProject section */
		E1FCAF1E23636C4C003A075E /* Project object */ = {
			isa = PBXProject;
			attributes = {
				LastSwiftUpdateCheck = 1030;
				LastUpgradeCheck = 1030;
				ORGANIZATIONNAME = "Anes Abismail";
				TargetAttributes = {
					E1FCAF2523636C4C003A075E = {
						CreatedOnToolsVersion = 10.3;
					};
				};
			};
			buildConfigurationList = E1FCAF2123636C4C003A075E /* Build configuration list for PBXProject "Todoey" */;
			compatibilityVersion = "Xcode 9.3";
			developmentRegion = en;
			hasScannedForEncodings = 0;
			knownRegions = (
				en,
				Base,
			);
			mainGroup = E1FCAF1D23636C4C003A075E;
			productRefGroup = E1FCAF2723636C4C003A075E /* Products */;
			projectDirPath = "";
			projectRoot = "";
			targets = (
				E1FCAF2523636C4C003A075E /* Todoey */,
			);
		};
/* End PBXProject section */

/* Begin PBXResourcesBuildPhase section */
		E1FCAF2423636C4C003A075E /* Resources */ = {
			isa = PBXResourcesBuildPhase;
			buildActionMask = 2147483647;
			files = (
				E1FCAF3423636C4E003A075E /* LaunchScreen.storyboard in Resources */,
				E1FCAF3123636C4E003A075E /* Assets.xcassets in Resources */,
				E1FCAF2F23636C4C003A075E /* Main.storyboard in Resources */,
			);
			runOnlyForDeploymentPostprocessing = 0;
		};
/* End PBXResourcesBuildPhase section */

/* Begin PBXShellScriptBuildPhase section */
		8311F0245CD3D0674CBF3CC8 /* [CP] Check Pods Manifest.lock */ = {
			isa = PBXShellScriptBuildPhase;
			buildActionMask = 2147483647;
			files = (
			);
			inputFileListPaths = (
			);
			inputPaths = (
				"${PODS_PODFILE_DIR_PATH}/Podfile.lock",
				"${PODS_ROOT}/Manifest.lock",
			);
			name = "[CP] Check Pods Manifest.lock";
			outputFileListPaths = (
			);
			outputPaths = (
				"$(DERIVED_FILE_DIR)/Pods-Todoey-checkManifestLockResult.txt",
			);
			runOnlyForDeploymentPostprocessing = 0;
			shellPath = /bin/sh;
			shellScript = "diff \"${PODS_PODFILE_DIR_PATH}/Podfile.lock\" \"${PODS_ROOT}/Manifest.lock\" > /dev/null\nif [ $? != 0 ] ; then\n    # print error to STDERR\n    echo \"error: The sandbox is not in sync with the Podfile.lock. Run 'pod install' or update your CocoaPods installation.\" >&2\n    exit 1\nfi\n# This output is used by Xcode 'outputs' to avoid re-running this script phase.\necho \"SUCCESS\" > \"${SCRIPT_OUTPUT_FILE_0}\"\n";
			showEnvVarsInLog = 0;
		};
		AD259013FD55D5541A0AB2D0 /* [CP] Embed Pods Frameworks */ = {
			isa = PBXShellScriptBuildPhase;
			buildActionMask = 2147483647;
			files = (
			);
			inputFileListPaths = (
				"${PODS_ROOT}/Target Support Files/Pods-Todoey/Pods-Todoey-frameworks-${CONFIGURATION}-input-files.xcfilelist",
			);
			name = "[CP] Embed Pods Frameworks";
			outputFileListPaths = (
				"${PODS_ROOT}/Target Support Files/Pods-Todoey/Pods-Todoey-frameworks-${CONFIGURATION}-output-files.xcfilelist",
			);
			runOnlyForDeploymentPostprocessing = 0;
			shellPath = /bin/sh;
			shellScript = "\"${PODS_ROOT}/Target Support Files/Pods-Todoey/Pods-Todoey-frameworks.sh\"\n";
			showEnvVarsInLog = 0;
		};
/* End PBXShellScriptBuildPhase section */

/* Begin PBXSourcesBuildPhase section */
		E1FCAF2223636C4C003A075E /* Sources */ = {
			isa = PBXSourcesBuildPhase;
			buildActionMask = 2147483647;
			files = (
				E1FCAF2C23636C4C003A075E /* TodoListViewController.swift in Sources */,
				E11F6AC22371E48000FA2EA6 /* DataModel.xcdatamodeld in Sources */,
				E113B09B2375D61800DDFCED /* CategoryViewControllerTableViewController.swift in Sources */,
				E1FCAF2A23636C4C003A075E /* AppDelegate.swift in Sources */,
			);
			runOnlyForDeploymentPostprocessing = 0;
		};
/* End PBXSourcesBuildPhase section */

/* Begin PBXVariantGroup section */
		E1FCAF2D23636C4C003A075E /* Main.storyboard */ = {
			isa = PBXVariantGroup;
			children = (
				E1FCAF2E23636C4C003A075E /* Base */,
			);
			name = Main.storyboard;
			sourceTree = "<group>";
		};
		E1FCAF3223636C4E003A075E /* LaunchScreen.storyboard */ = {
			isa = PBXVariantGroup;
			children = (
				E1FCAF3323636C4E003A075E /* Base */,
			);
			name = LaunchScreen.storyboard;
			sourceTree = "<group>";
		};
/* End PBXVariantGroup section */

/* Begin XCBuildConfiguration section */
		E1FCAF3623636C4E003A075E /* Debug */ = {
			isa = XCBuildConfiguration;
			buildSettings = {
				ALWAYS_SEARCH_USER_PATHS = NO;
				CLANG_ANALYZER_NONNULL = YES;
				CLANG_ANALYZER_NUMBER_OBJECT_CONVERSION = YES_AGGRESSIVE;
				CLANG_CXX_LANGUAGE_STANDARD = "gnu++14";
				CLANG_CXX_LIBRARY = "libc++";
				CLANG_ENABLE_MODULES = YES;
				CLANG_ENABLE_OBJC_ARC = YES;
				CLANG_ENABLE_OBJC_WEAK = YES;
				CLANG_WARN_BLOCK_CAPTURE_AUTORELEASING = YES;
				CLANG_WARN_BOOL_CONVERSION = YES;
				CLANG_WARN_COMMA = YES;
				CLANG_WARN_CONSTANT_CONVERSION = YES;
				CLANG_WARN_DEPRECATED_OBJC_IMPLEMENTATIONS = YES;
				CLANG_WARN_DIRECT_OBJC_ISA_USAGE = YES_ERROR;
				CLANG_WARN_DOCUMENTATION_COMMENTS = YES;
				CLANG_WARN_EMPTY_BODY = YES;
				CLANG_WARN_ENUM_CONVERSION = YES;
				CLANG_WARN_INFINITE_RECURSION = YES;
				CLANG_WARN_INT_CONVERSION = YES;
				CLANG_WARN_NON_LITERAL_NULL_CONVERSION = YES;
				CLANG_WARN_OBJC_IMPLICIT_RETAIN_SELF = YES;
				CLANG_WARN_OBJC_LITERAL_CONVERSION = YES;
				CLANG_WARN_OBJC_ROOT_CLASS = YES_ERROR;
				CLANG_WARN_RANGE_LOOP_ANALYSIS = YES;
				CLANG_WARN_STRICT_PROTOTYPES = YES;
				CLANG_WARN_SUSPICIOUS_MOVE = YES;
				CLANG_WARN_UNGUARDED_AVAILABILITY = YES_AGGRESSIVE;
				CLANG_WARN_UNREACHABLE_CODE = YES;
				CLANG_WARN__DUPLICATE_METHOD_MATCH = YES;
				CODE_SIGN_IDENTITY = "iPhone Developer";
				COPY_PHASE_STRIP = NO;
				DEBUG_INFORMATION_FORMAT = dwarf;
				ENABLE_STRICT_OBJC_MSGSEND = YES;
				ENABLE_TESTABILITY = YES;
				GCC_C_LANGUAGE_STANDARD = gnu11;
				GCC_DYNAMIC_NO_PIC = NO;
				GCC_NO_COMMON_BLOCKS = YES;
				GCC_OPTIMIZATION_LEVEL = 0;
				GCC_PREPROCESSOR_DEFINITIONS = (
					"DEBUG=1",
					"$(inherited)",
				);
				GCC_WARN_64_TO_32_BIT_CONVERSION = YES;
				GCC_WARN_ABOUT_RETURN_TYPE = YES_ERROR;
				GCC_WARN_UNDECLARED_SELECTOR = YES;
				GCC_WARN_UNINITIALIZED_AUTOS = YES_AGGRESSIVE;
				GCC_WARN_UNUSED_FUNCTION = YES;
				GCC_WARN_UNUSED_VARIABLE = YES;
				IPHONEOS_DEPLOYMENT_TARGET = 12.4;
				MTL_ENABLE_DEBUG_INFO = INCLUDE_SOURCE;
				MTL_FAST_MATH = YES;
				ONLY_ACTIVE_ARCH = YES;
				SDKROOT = iphoneos;
				SWIFT_ACTIVE_COMPILATION_CONDITIONS = DEBUG;
				SWIFT_OPTIMIZATION_LEVEL = "-Onone";
			};
			name = Debug;
		};
		E1FCAF3723636C4E003A075E /* Release */ = {
			isa = XCBuildConfiguration;
			buildSettings = {
				ALWAYS_SEARCH_USER_PATHS = NO;
				CLANG_ANALYZER_NONNULL = YES;
				CLANG_ANALYZER_NUMBER_OBJECT_CONVERSION = YES_AGGRESSIVE;
				CLANG_CXX_LANGUAGE_STANDARD = "gnu++14";
				CLANG_CXX_LIBRARY = "libc++";
				CLANG_ENABLE_MODULES = YES;
				CLANG_ENABLE_OBJC_ARC = YES;
				CLANG_ENABLE_OBJC_WEAK = YES;
				CLANG_WARN_BLOCK_CAPTURE_AUTORELEASING = YES;
				CLANG_WARN_BOOL_CONVERSION = YES;
				CLANG_WARN_COMMA = YES;
				CLANG_WARN_CONSTANT_CONVERSION = YES;
				CLANG_WARN_DEPRECATED_OBJC_IMPLEMENTATIONS = YES;
				CLANG_WARN_DIRECT_OBJC_ISA_USAGE = YES_ERROR;
				CLANG_WARN_DOCUMENTATION_COMMENTS = YES;
				CLANG_WARN_EMPTY_BODY = YES;
				CLANG_WARN_ENUM_CONVERSION = YES;
				CLANG_WARN_INFINITE_RECURSION = YES;
				CLANG_WARN_INT_CONVERSION = YES;
				CLANG_WARN_NON_LITERAL_NULL_CONVERSION = YES;
				CLANG_WARN_OBJC_IMPLICIT_RETAIN_SELF = YES;
				CLANG_WARN_OBJC_LITERAL_CONVERSION = YES;
				CLANG_WARN_OBJC_ROOT_CLASS = YES_ERROR;
				CLANG_WARN_RANGE_LOOP_ANALYSIS = YES;
				CLANG_WARN_STRICT_PROTOTYPES = YES;
				CLANG_WARN_SUSPICIOUS_MOVE = YES;
				CLANG_WARN_UNGUARDED_AVAILABILITY = YES_AGGRESSIVE;
				CLANG_WARN_UNREACHABLE_CODE = YES;
				CLANG_WARN__DUPLICATE_METHOD_MATCH = YES;
				CODE_SIGN_IDENTITY = "iPhone Developer";
				COPY_PHASE_STRIP = NO;
				DEBUG_INFORMATION_FORMAT = "dwarf-with-dsym";
				ENABLE_NS_ASSERTIONS = NO;
				ENABLE_STRICT_OBJC_MSGSEND = YES;
				GCC_C_LANGUAGE_STANDARD = gnu11;
				GCC_NO_COMMON_BLOCKS = YES;
				GCC_WARN_64_TO_32_BIT_CONVERSION = YES;
				GCC_WARN_ABOUT_RETURN_TYPE = YES_ERROR;
				GCC_WARN_UNDECLARED_SELECTOR = YES;
				GCC_WARN_UNINITIALIZED_AUTOS = YES_AGGRESSIVE;
				GCC_WARN_UNUSED_FUNCTION = YES;
				GCC_WARN_UNUSED_VARIABLE = YES;
				IPHONEOS_DEPLOYMENT_TARGET = 12.4;
				MTL_ENABLE_DEBUG_INFO = NO;
				MTL_FAST_MATH = YES;
				SDKROOT = iphoneos;
				SWIFT_COMPILATION_MODE = wholemodule;
				SWIFT_OPTIMIZATION_LEVEL = "-O";
				VALIDATE_PRODUCT = YES;
			};
			name = Release;
		};
		E1FCAF3923636C4E003A075E /* Debug */ = {
			isa = XCBuildConfiguration;
			baseConfigurationReference = A075F715692D60A60C14B6EF /* Pods-Todoey.debug.xcconfig */;
			buildSettings = {
				ASSETCATALOG_COMPILER_APPICON_NAME = AppIcon;
				CODE_SIGN_STYLE = Automatic;
				DEVELOPMENT_TEAM = 7QNG8CA9H9;
				INFOPLIST_FILE = Todoey/Info.plist;
				LD_RUNPATH_SEARCH_PATHS = (
					"$(inherited)",
					"@executable_path/Frameworks",
				);
				PRODUCT_BUNDLE_IDENTIFIER = com.anesabml.Todoey;
				PRODUCT_NAME = "$(TARGET_NAME)";
				SWIFT_VERSION = 5.0;
				TARGETED_DEVICE_FAMILY = "1,2";
			};
			name = Debug;
		};
		E1FCAF3A23636C4E003A075E /* Release */ = {
			isa = XCBuildConfiguration;
			baseConfigurationReference = 21DFC77F18C40A26051303F6 /* Pods-Todoey.release.xcconfig */;
			buildSettings = {
				ASSETCATALOG_COMPILER_APPICON_NAME = AppIcon;
				CODE_SIGN_STYLE = Automatic;
				DEVELOPMENT_TEAM = 7QNG8CA9H9;
				INFOPLIST_FILE = Todoey/Info.plist;
				LD_RUNPATH_SEARCH_PATHS = (
					"$(inherited)",
					"@executable_path/Frameworks",
				);
				PRODUCT_BUNDLE_IDENTIFIER = com.anesabml.Todoey;
				PRODUCT_NAME = "$(TARGET_NAME)";
				SWIFT_VERSION = 5.0;
				TARGETED_DEVICE_FAMILY = "1,2";
			};
			name = Release;
		};
/* End XCBuildConfiguration section */

/* Begin XCConfigurationList section */
		E1FCAF2123636C4C003A075E /* Build configuration list for PBXProject "Todoey" */ = {
			isa = XCConfigurationList;
			buildConfigurations = (
				E1FCAF3623636C4E003A075E /* Debug */,
				E1FCAF3723636C4E003A075E /* Release */,
			);
			defaultConfigurationIsVisible = 0;
			defaultConfigurationName = Release;
		};
		E1FCAF3823636C4E003A075E /* Build configuration list for PBXNativeTarget "Todoey" */ = {
			isa = XCConfigurationList;
			buildConfigurations = (
				E1FCAF3923636C4E003A075E /* Debug */,
				E1FCAF3A23636C4E003A075E /* Release */,
			);
			defaultConfigurationIsVisible = 0;
			defaultConfigurationName = Release;
		};
/* End XCConfigurationList section */

/* Begin XCVersionGroup section */
		E11F6AC02371E48000FA2EA6 /* DataModel.xcdatamodeld */ = {
			isa = XCVersionGroup;
			children = (
				E11F6AC12371E48000FA2EA6 /* DataModel.xcdatamodel */,
			);
			currentVersion = E11F6AC12371E48000FA2EA6 /* DataModel.xcdatamodel */;
			path = DataModel.xcdatamodeld;
			sourceTree = "<group>";
			versionGroupType = wrapper.xcdatamodel;
		};
/* End XCVersionGroup section */
	};
	rootObject = E1FCAF1E23636C4C003A075E /* Project object */;
}
